// !$*UTF8*$!
{
	archiveVersion = 1;
	classes = {
	};
	objectVersion = 51;
	objects = {

/* Begin PBXBuildFile section */
		26669AE8E89DBFE8E0B09C0C /* Pods_flower_orders.framework in Frameworks */ = {isa = PBXBuildFile; fileRef = B2CBD55C09169B479594897D /* Pods_flower_orders.framework */; };
		D42D0E4B24FFC9C800BC98DA /* DetailsViewModel.swift in Sources */ = {isa = PBXBuildFile; fileRef = D42D0E4A24FFC9C800BC98DA /* DetailsViewModel.swift */; };
		D436D05724F8270800C2FEF8 /* AppDelegate.swift in Sources */ = {isa = PBXBuildFile; fileRef = D436D05624F8270800C2FEF8 /* AppDelegate.swift */; };
		D436D05924F8270800C2FEF8 /* SceneDelegate.swift in Sources */ = {isa = PBXBuildFile; fileRef = D436D05824F8270800C2FEF8 /* SceneDelegate.swift */; };
		D436D05B24F8270800C2FEF8 /* OrdersViewController.swift in Sources */ = {isa = PBXBuildFile; fileRef = D436D05A24F8270800C2FEF8 /* OrdersViewController.swift */; };
		D436D05E24F8270800C2FEF8 /* Main.storyboard in Resources */ = {isa = PBXBuildFile; fileRef = D436D05C24F8270800C2FEF8 /* Main.storyboard */; };
		D436D06124F8270800C2FEF8 /* flower_orders.xcdatamodeld in Sources */ = {isa = PBXBuildFile; fileRef = D436D05F24F8270800C2FEF8 /* flower_orders.xcdatamodeld */; };
		D436D06324F8270B00C2FEF8 /* Assets.xcassets in Resources */ = {isa = PBXBuildFile; fileRef = D436D06224F8270B00C2FEF8 /* Assets.xcassets */; };
		D436D06624F8270B00C2FEF8 /* LaunchScreen.storyboard in Resources */ = {isa = PBXBuildFile; fileRef = D436D06424F8270B00C2FEF8 /* LaunchScreen.storyboard */; };
		D4C0E06024F8EF7B000D8973 /* Coordinator.swift in Sources */ = {isa = PBXBuildFile; fileRef = D4C0E05F24F8EF7B000D8973 /* Coordinator.swift */; };
		D4C0E06224F8EFB0000D8973 /* AppCoordinator.swift in Sources */ = {isa = PBXBuildFile; fileRef = D4C0E06124F8EFB0000D8973 /* AppCoordinator.swift */; };
		D4C0E06824F8F149000D8973 /* DetailsViewController.swift in Sources */ = {isa = PBXBuildFile; fileRef = D4C0E06724F8F149000D8973 /* DetailsViewController.swift */; };
		D4C0E06E24F8F20A000D8973 /* API.swift in Sources */ = {isa = PBXBuildFile; fileRef = D4C0E06D24F8F20A000D8973 /* API.swift */; };
		D4C0E07024F8F279000D8973 /* Service.swift in Sources */ = {isa = PBXBuildFile; fileRef = D4C0E06F24F8F279000D8973 /* Service.swift */; };
		D4C0E07324F8F29E000D8973 /* OrderItem.swift in Sources */ = {isa = PBXBuildFile; fileRef = D4C0E07224F8F29E000D8973 /* OrderItem.swift */; };
		D4C0E07524F8F35E000D8973 /* OrdersService.swift in Sources */ = {isa = PBXBuildFile; fileRef = D4C0E07424F8F35E000D8973 /* OrdersService.swift */; };
		D4C0E07724F8F49D000D8973 /* OrdersViewModel.swift in Sources */ = {isa = PBXBuildFile; fileRef = D4C0E07624F8F49D000D8973 /* OrdersViewModel.swift */; };
		D4C0E07B24F8F6B8000D8973 /* OrderTableViewCell.swift in Sources */ = {isa = PBXBuildFile; fileRef = D4C0E07924F8F6B8000D8973 /* OrderTableViewCell.swift */; };
		D4C0E07C24F8F6B8000D8973 /* OrderTableViewCell.xib in Resources */ = {isa = PBXBuildFile; fileRef = D4C0E07A24F8F6B8000D8973 /* OrderTableViewCell.xib */; };
/* End PBXBuildFile section */

/* Begin PBXFileReference section */
		1696CD36440D8519C131C647 /* Pods-flower_orders.release.xcconfig */ = {isa = PBXFileReference; includeInIndex = 1; lastKnownFileType = text.xcconfig; name = "Pods-flower_orders.release.xcconfig"; path = "Target Support Files/Pods-flower_orders/Pods-flower_orders.release.xcconfig"; sourceTree = "<group>"; };
		B2CBD55C09169B479594897D /* Pods_flower_orders.framework */ = {isa = PBXFileReference; explicitFileType = wrapper.framework; includeInIndex = 0; path = Pods_flower_orders.framework; sourceTree = BUILT_PRODUCTS_DIR; };
		D42D0E4A24FFC9C800BC98DA /* DetailsViewModel.swift */ = {isa = PBXFileReference; lastKnownFileType = sourcecode.swift; path = DetailsViewModel.swift; sourceTree = "<group>"; };
		D436D05324F8270800C2FEF8 /* flower_orders.app */ = {isa = PBXFileReference; explicitFileType = wrapper.application; includeInIndex = 0; path = flower_orders.app; sourceTree = BUILT_PRODUCTS_DIR; };
		D436D05624F8270800C2FEF8 /* AppDelegate.swift */ = {isa = PBXFileReference; lastKnownFileType = sourcecode.swift; path = AppDelegate.swift; sourceTree = "<group>"; };
		D436D05824F8270800C2FEF8 /* SceneDelegate.swift */ = {isa = PBXFileReference; lastKnownFileType = sourcecode.swift; path = SceneDelegate.swift; sourceTree = "<group>"; };
		D436D05A24F8270800C2FEF8 /* OrdersViewController.swift */ = {isa = PBXFileReference; lastKnownFileType = sourcecode.swift; path = OrdersViewController.swift; sourceTree = "<group>"; };
		D436D05D24F8270800C2FEF8 /* Base */ = {isa = PBXFileReference; lastKnownFileType = file.storyboard; name = Base; path = Base.lproj/Main.storyboard; sourceTree = "<group>"; };
		D436D06024F8270800C2FEF8 /* flower_orders.xcdatamodel */ = {isa = PBXFileReference; lastKnownFileType = wrapper.xcdatamodel; path = flower_orders.xcdatamodel; sourceTree = "<group>"; };
		D436D06224F8270B00C2FEF8 /* Assets.xcassets */ = {isa = PBXFileReference; lastKnownFileType = folder.assetcatalog; path = Assets.xcassets; sourceTree = "<group>"; };
		D436D06524F8270B00C2FEF8 /* Base */ = {isa = PBXFileReference; lastKnownFileType = file.storyboard; name = Base; path = Base.lproj/LaunchScreen.storyboard; sourceTree = "<group>"; };
		D436D06724F8270B00C2FEF8 /* Info.plist */ = {isa = PBXFileReference; lastKnownFileType = text.plist.xml; path = Info.plist; sourceTree = "<group>"; };
		D4C0E05F24F8EF7B000D8973 /* Coordinator.swift */ = {isa = PBXFileReference; lastKnownFileType = sourcecode.swift; path = Coordinator.swift; sourceTree = "<group>"; };
		D4C0E06124F8EFB0000D8973 /* AppCoordinator.swift */ = {isa = PBXFileReference; lastKnownFileType = sourcecode.swift; path = AppCoordinator.swift; sourceTree = "<group>"; };
		D4C0E06724F8F149000D8973 /* DetailsViewController.swift */ = {isa = PBXFileReference; lastKnownFileType = sourcecode.swift; path = DetailsViewController.swift; sourceTree = "<group>"; };
		D4C0E06D24F8F20A000D8973 /* API.swift */ = {isa = PBXFileReference; lastKnownFileType = sourcecode.swift; path = API.swift; sourceTree = "<group>"; };
		D4C0E06F24F8F279000D8973 /* Service.swift */ = {isa = PBXFileReference; lastKnownFileType = sourcecode.swift; path = Service.swift; sourceTree = "<group>"; };
		D4C0E07224F8F29E000D8973 /* OrderItem.swift */ = {isa = PBXFileReference; lastKnownFileType = sourcecode.swift; path = OrderItem.swift; sourceTree = "<group>"; };
		D4C0E07424F8F35E000D8973 /* OrdersService.swift */ = {isa = PBXFileReference; lastKnownFileType = sourcecode.swift; path = OrdersService.swift; sourceTree = "<group>"; };
		D4C0E07624F8F49D000D8973 /* OrdersViewModel.swift */ = {isa = PBXFileReference; lastKnownFileType = sourcecode.swift; path = OrdersViewModel.swift; sourceTree = "<group>"; };
		D4C0E07924F8F6B8000D8973 /* OrderTableViewCell.swift */ = {isa = PBXFileReference; lastKnownFileType = sourcecode.swift; path = OrderTableViewCell.swift; sourceTree = "<group>"; };
		D4C0E07A24F8F6B8000D8973 /* OrderTableViewCell.xib */ = {isa = PBXFileReference; lastKnownFileType = file.xib; path = OrderTableViewCell.xib; sourceTree = "<group>"; };
		FD9512B49D41C851DF2C6AAD /* Pods-flower_orders.debug.xcconfig */ = {isa = PBXFileReference; includeInIndex = 1; lastKnownFileType = text.xcconfig; name = "Pods-flower_orders.debug.xcconfig"; path = "Target Support Files/Pods-flower_orders/Pods-flower_orders.debug.xcconfig"; sourceTree = "<group>"; };
/* End PBXFileReference section */

/* Begin PBXFrameworksBuildPhase section */
		D436D05024F8270800C2FEF8 /* Frameworks */ = {
			isa = PBXFrameworksBuildPhase;
			buildActionMask = 2147483647;
			files = (
				26669AE8E89DBFE8E0B09C0C /* Pods_flower_orders.framework in Frameworks */,
			);
			runOnlyForDeploymentPostprocessing = 0;
		};
/* End PBXFrameworksBuildPhase section */

/* Begin PBXGroup section */
		B80A8976117323CB2662AD82 /* Pods */ = {
			isa = PBXGroup;
			children = (
				FD9512B49D41C851DF2C6AAD /* Pods-flower_orders.debug.xcconfig */,
				1696CD36440D8519C131C647 /* Pods-flower_orders.release.xcconfig */,
			);
			path = Pods;
			sourceTree = "<group>";
		};
		CA582F546563F19C4C0554DB /* Frameworks */ = {
			isa = PBXGroup;
			children = (
				B2CBD55C09169B479594897D /* Pods_flower_orders.framework */,
			);
			name = Frameworks;
			sourceTree = "<group>";
		};
		D436D04A24F8270800C2FEF8 = {
			isa = PBXGroup;
			children = (
				D436D05524F8270800C2FEF8 /* flower_orders */,
				D436D05424F8270800C2FEF8 /* Products */,
				B80A8976117323CB2662AD82 /* Pods */,
				CA582F546563F19C4C0554DB /* Frameworks */,
			);
			sourceTree = "<group>";
		};
		D436D05424F8270800C2FEF8 /* Products */ = {
			isa = PBXGroup;
			children = (
				D436D05324F8270800C2FEF8 /* flower_orders.app */,
			);
			name = Products;
			sourceTree = "<group>";
		};
		D436D05524F8270800C2FEF8 /* flower_orders */ = {
			isa = PBXGroup;
			children = (
				D4C0E06B24F8F1E1000D8973 /* Services */,
				D4C0E06624F8F12D000D8973 /* Views */,
				D4C0E05E24F8EF6D000D8973 /* Coordinator */,
				D436D05624F8270800C2FEF8 /* AppDelegate.swift */,
				D436D05824F8270800C2FEF8 /* SceneDelegate.swift */,
				D436D06224F8270B00C2FEF8 /* Assets.xcassets */,
				D436D06424F8270B00C2FEF8 /* LaunchScreen.storyboard */,
				D436D06724F8270B00C2FEF8 /* Info.plist */,
				D436D05F24F8270800C2FEF8 /* flower_orders.xcdatamodeld */,
			);
			path = flower_orders;
			sourceTree = "<group>";
		};
		D4C0E05E24F8EF6D000D8973 /* Coordinator */ = {
			isa = PBXGroup;
			children = (
				D4C0E05F24F8EF7B000D8973 /* Coordinator.swift */,
				D4C0E06124F8EFB0000D8973 /* AppCoordinator.swift */,
			);
			path = Coordinator;
			sourceTree = "<group>";
		};
		D4C0E06624F8F12D000D8973 /* Views */ = {
			isa = PBXGroup;
			children = (
				D4C0E06A24F8F186000D8973 /* Orders list */,
				D4C0E06924F8F180000D8973 /* Order details */,
				D436D05C24F8270800C2FEF8 /* Main.storyboard */,
			);
			path = Views;
			sourceTree = "<group>";
		};
		D4C0E06924F8F180000D8973 /* Order details */ = {
			isa = PBXGroup;
			children = (
				D4C0E06724F8F149000D8973 /* DetailsViewController.swift */,
				D42D0E4A24FFC9C800BC98DA /* DetailsViewModel.swift */,
			);
			path = "Order details";
			sourceTree = "<group>";
		};
		D4C0E06A24F8F186000D8973 /* Orders list */ = {
			isa = PBXGroup;
			children = (
				D4C0E07824F8F699000D8973 /* Cell */,
				D436D05A24F8270800C2FEF8 /* OrdersViewController.swift */,
				D4C0E07624F8F49D000D8973 /* OrdersViewModel.swift */,
			);
			path = "Orders list";
			sourceTree = "<group>";
		};
		D4C0E06B24F8F1E1000D8973 /* Services */ = {
			isa = PBXGroup;
			children = (
				D4C0E06C24F8F200000D8973 /* Network */,
			);
			path = Services;
			sourceTree = "<group>";
		};
		D4C0E06C24F8F200000D8973 /* Network */ = {
			isa = PBXGroup;
			children = (
				D4C0E07124F8F290000D8973 /* Models */,
				D4C0E06D24F8F20A000D8973 /* API.swift */,
				D4C0E06F24F8F279000D8973 /* Service.swift */,
				D4C0E07424F8F35E000D8973 /* OrdersService.swift */,
			);
			path = Network;
			sourceTree = "<group>";
		};
		D4C0E07124F8F290000D8973 /* Models */ = {
			isa = PBXGroup;
			children = (
				D4C0E07224F8F29E000D8973 /* OrderItem.swift */,
			);
			path = Models;
			sourceTree = "<group>";
		};
		D4C0E07824F8F699000D8973 /* Cell */ = {
			isa = PBXGroup;
			children = (
				D4C0E07924F8F6B8000D8973 /* OrderTableViewCell.swift */,
				D4C0E07A24F8F6B8000D8973 /* OrderTableViewCell.xib */,
			);
			path = Cell;
			sourceTree = "<group>";
		};
/* End PBXGroup section */

/* Begin PBXNativeTarget section */
		D436D05224F8270800C2FEF8 /* flower_orders */ = {
			isa = PBXNativeTarget;
			buildConfigurationList = D436D06A24F8270B00C2FEF8 /* Build configuration list for PBXNativeTarget "flower_orders" */;
			buildPhases = (
				6E87832493F8066D786C3C34 /* [CP] Check Pods Manifest.lock */,
				D436D04F24F8270800C2FEF8 /* Sources */,
				D436D05024F8270800C2FEF8 /* Frameworks */,
				D436D05124F8270800C2FEF8 /* Resources */,
				9A0B6259C638AD3CA4E5F150 /* [CP] Embed Pods Frameworks */,
			);
			buildRules = (
			);
			dependencies = (
			);
			name = flower_orders;
			productName = flower_orders;
			productReference = D436D05324F8270800C2FEF8 /* flower_orders.app */;
			productType = "com.apple.product-type.application";
		};
/* End PBXNativeTarget section */

/* Begin PBXProject section */
		D436D04B24F8270800C2FEF8 /* Project object */ = {
			isa = PBXProject;
			attributes = {
				LastSwiftUpdateCheck = 1160;
				LastUpgradeCheck = 1160;
				ORGANIZATIONNAME = "Calin Ciubotariu";
				TargetAttributes = {
					D436D05224F8270800C2FEF8 = {
						CreatedOnToolsVersion = 11.6;
					};
				};
			};
			buildConfigurationList = D436D04E24F8270800C2FEF8 /* Build configuration list for PBXProject "flower_orders" */;
			compatibilityVersion = "Xcode 9.3";
			developmentRegion = en;
			hasScannedForEncodings = 0;
			knownRegions = (
				en,
				Base,
			);
			mainGroup = D436D04A24F8270800C2FEF8;
			productRefGroup = D436D05424F8270800C2FEF8 /* Products */;
			projectDirPath = "";
			projectRoot = "";
			targets = (
				D436D05224F8270800C2FEF8 /* flower_orders */,
			);
		};
/* End PBXProject section */

/* Begin PBXResourcesBuildPhase section */
		D436D05124F8270800C2FEF8 /* Resources */ = {
			isa = PBXResourcesBuildPhase;
			buildActionMask = 2147483647;
			files = (
				D436D06624F8270B00C2FEF8 /* LaunchScreen.storyboard in Resources */,
				D436D06324F8270B00C2FEF8 /* Assets.xcassets in Resources */,
				D4C0E07C24F8F6B8000D8973 /* OrderTableViewCell.xib in Resources */,
				D436D05E24F8270800C2FEF8 /* Main.storyboard in Resources */,
			);
			runOnlyForDeploymentPostprocessing = 0;
		};
/* End PBXResourcesBuildPhase section */

/* Begin PBXShellScriptBuildPhase section */
		6E87832493F8066D786C3C34 /* [CP] Check Pods Manifest.lock */ = {
			isa = PBXShellScriptBuildPhase;
			buildActionMask = 2147483647;
			files = (
			);
			inputFileListPaths = (
			);
			inputPaths = (
				"${PODS_PODFILE_DIR_PATH}/Podfile.lock",
				"${PODS_ROOT}/Manifest.lock",
			);
			name = "[CP] Check Pods Manifest.lock";
			outputFileListPaths = (
			);
			outputPaths = (
				"$(DERIVED_FILE_DIR)/Pods-flower_orders-checkManifestLockResult.txt",
			);
			runOnlyForDeploymentPostprocessing = 0;
			shellPath = /bin/sh;
			shellScript = "diff \"${PODS_PODFILE_DIR_PATH}/Podfile.lock\" \"${PODS_ROOT}/Manifest.lock\" > /dev/null\nif [ $? != 0 ] ; then\n    # print error to STDERR\n    echo \"error: The sandbox is not in sync with the Podfile.lock. Run 'pod install' or update your CocoaPods installation.\" >&2\n    exit 1\nfi\n# This output is used by Xcode 'outputs' to avoid re-running this script phase.\necho \"SUCCESS\" > \"${SCRIPT_OUTPUT_FILE_0}\"\n";
			showEnvVarsInLog = 0;
		};
		9A0B6259C638AD3CA4E5F150 /* [CP] Embed Pods Frameworks */ = {
			isa = PBXShellScriptBuildPhase;
			buildActionMask = 2147483647;
			files = (
			);
			inputFileListPaths = (
				"${PODS_ROOT}/Target Support Files/Pods-flower_orders/Pods-flower_orders-frameworks-${CONFIGURATION}-input-files.xcfilelist",
			);
			name = "[CP] Embed Pods Frameworks";
			outputFileListPaths = (
				"${PODS_ROOT}/Target Support Files/Pods-flower_orders/Pods-flower_orders-frameworks-${CONFIGURATION}-output-files.xcfilelist",
			);
			runOnlyForDeploymentPostprocessing = 0;
			shellPath = /bin/sh;
			shellScript = "\"${PODS_ROOT}/Target Support Files/Pods-flower_orders/Pods-flower_orders-frameworks.sh\"\n";
			showEnvVarsInLog = 0;
		};
/* End PBXShellScriptBuildPhase section */

/* Begin PBXSourcesBuildPhase section */
		D436D04F24F8270800C2FEF8 /* Sources */ = {
			isa = PBXSourcesBuildPhase;
			buildActionMask = 2147483647;
			files = (
				D4C0E06224F8EFB0000D8973 /* AppCoordinator.swift in Sources */,
				D436D05B24F8270800C2FEF8 /* OrdersViewController.swift in Sources */,
				D42D0E4B24FFC9C800BC98DA /* DetailsViewModel.swift in Sources */,
				D4C0E07524F8F35E000D8973 /* OrdersService.swift in Sources */,
				D436D05724F8270800C2FEF8 /* AppDelegate.swift in Sources */,
				D4C0E06824F8F149000D8973 /* DetailsViewController.swift in Sources */,
				D4C0E07324F8F29E000D8973 /* OrderItem.swift in Sources */,
				D4C0E06024F8EF7B000D8973 /* Coordinator.swift in Sources */,
				D436D05924F8270800C2FEF8 /* SceneDelegate.swift in Sources */,
				D4C0E07024F8F279000D8973 /* Service.swift in Sources */,
				D4C0E07B24F8F6B8000D8973 /* OrderTableViewCell.swift in Sources */,
				D4C0E07724F8F49D000D8973 /* OrdersViewModel.swift in Sources */,
				D4C0E06E24F8F20A000D8973 /* API.swift in Sources */,
				D436D06124F8270800C2FEF8 /* flower_orders.xcdatamodeld in Sources */,
			);
			runOnlyForDeploymentPostprocessing = 0;
		};
/* End PBXSourcesBuildPhase section */

/* Begin PBXVariantGroup section */
		D436D05C24F8270800C2FEF8 /* Main.storyboard */ = {
			isa = PBXVariantGroup;
			children = (
				D436D05D24F8270800C2FEF8 /* Base */,
			);
			name = Main.storyboard;
			sourceTree = "<group>";
		};
		D436D06424F8270B00C2FEF8 /* LaunchScreen.storyboard */ = {
			isa = PBXVariantGroup;
			children = (
				D436D06524F8270B00C2FEF8 /* Base */,
			);
			name = LaunchScreen.storyboard;
			sourceTree = "<group>";
		};
/* End PBXVariantGroup section */

/* Begin XCBuildConfiguration section */
		D436D06824F8270B00C2FEF8 /* Debug */ = {
			isa = XCBuildConfiguration;
			buildSettings = {
				ALWAYS_SEARCH_USER_PATHS = NO;
				CLANG_ANALYZER_NONNULL = YES;
				CLANG_ANALYZER_NUMBER_OBJECT_CONVERSION = YES_AGGRESSIVE;
				CLANG_CXX_LANGUAGE_STANDARD = "gnu++14";
				CLANG_CXX_LIBRARY = "libc++";
				CLANG_ENABLE_MODULES = YES;
				CLANG_ENABLE_OBJC_ARC = YES;
				CLANG_ENABLE_OBJC_WEAK = YES;
				CLANG_WARN_BLOCK_CAPTURE_AUTORELEASING = YES;
				CLANG_WARN_BOOL_CONVERSION = YES;
				CLANG_WARN_COMMA = YES;
				CLANG_WARN_CONSTANT_CONVERSION = YES;
				CLANG_WARN_DEPRECATED_OBJC_IMPLEMENTATIONS = YES;
				CLANG_WARN_DIRECT_OBJC_ISA_USAGE = YES_ERROR;
				CLANG_WARN_DOCUMENTATION_COMMENTS = YES;
				CLANG_WARN_EMPTY_BODY = YES;
				CLANG_WARN_ENUM_CONVERSION = YES;
				CLANG_WARN_INFINITE_RECURSION = YES;
				CLANG_WARN_INT_CONVERSION = YES;
				CLANG_WARN_NON_LITERAL_NULL_CONVERSION = YES;
				CLANG_WARN_OBJC_IMPLICIT_RETAIN_SELF = YES;
				CLANG_WARN_OBJC_LITERAL_CONVERSION = YES;
				CLANG_WARN_OBJC_ROOT_CLASS = YES_ERROR;
				CLANG_WARN_RANGE_LOOP_ANALYSIS = YES;
				CLANG_WARN_STRICT_PROTOTYPES = YES;
				CLANG_WARN_SUSPICIOUS_MOVE = YES;
				CLANG_WARN_UNGUARDED_AVAILABILITY = YES_AGGRESSIVE;
				CLANG_WARN_UNREACHABLE_CODE = YES;
				CLANG_WARN__DUPLICATE_METHOD_MATCH = YES;
				COPY_PHASE_STRIP = NO;
				DEBUG_INFORMATION_FORMAT = dwarf;
				ENABLE_STRICT_OBJC_MSGSEND = YES;
				ENABLE_TESTABILITY = YES;
				GCC_C_LANGUAGE_STANDARD = gnu11;
				GCC_DYNAMIC_NO_PIC = NO;
				GCC_NO_COMMON_BLOCKS = YES;
				GCC_OPTIMIZATION_LEVEL = 0;
				GCC_PREPROCESSOR_DEFINITIONS = (
					"DEBUG=1",
					"$(inherited)",
				);
				GCC_WARN_64_TO_32_BIT_CONVERSION = YES;
				GCC_WARN_ABOUT_RETURN_TYPE = YES_ERROR;
				GCC_WARN_UNDECLARED_SELECTOR = YES;
				GCC_WARN_UNINITIALIZED_AUTOS = YES_AGGRESSIVE;
				GCC_WARN_UNUSED_FUNCTION = YES;
				GCC_WARN_UNUSED_VARIABLE = YES;
				IPHONEOS_DEPLOYMENT_TARGET = 13.6;
				MTL_ENABLE_DEBUG_INFO = INCLUDE_SOURCE;
				MTL_FAST_MATH = YES;
				ONLY_ACTIVE_ARCH = YES;
				SDKROOT = iphoneos;
				SWIFT_ACTIVE_COMPILATION_CONDITIONS = DEBUG;
				SWIFT_OPTIMIZATION_LEVEL = "-Onone";
			};
			name = Debug;
		};
		D436D06924F8270B00C2FEF8 /* Release */ = {
			isa = XCBuildConfiguration;
			buildSettings = {
				ALWAYS_SEARCH_USER_PATHS = NO;
				CLANG_ANALYZER_NONNULL = YES;
				CLANG_ANALYZER_NUMBER_OBJECT_CONVERSION = YES_AGGRESSIVE;
				CLANG_CXX_LANGUAGE_STANDARD = "gnu++14";
				CLANG_CXX_LIBRARY = "libc++";
				CLANG_ENABLE_MODULES = YES;
				CLANG_ENABLE_OBJC_ARC = YES;
				CLANG_ENABLE_OBJC_WEAK = YES;
				CLANG_WARN_BLOCK_CAPTURE_AUTORELEASING = YES;
				CLANG_WARN_BOOL_CONVERSION = YES;
				CLANG_WARN_COMMA = YES;
				CLANG_WARN_CONSTANT_CONVERSION = YES;
				CLANG_WARN_DEPRECATED_OBJC_IMPLEMENTATIONS = YES;
				CLANG_WARN_DIRECT_OBJC_ISA_USAGE = YES_ERROR;
				CLANG_WARN_DOCUMENTATION_COMMENTS = YES;
				CLANG_WARN_EMPTY_BODY = YES;
				CLANG_WARN_ENUM_CONVERSION = YES;
				CLANG_WARN_INFINITE_RECURSION = YES;
				CLANG_WARN_INT_CONVERSION = YES;
				CLANG_WARN_NON_LITERAL_NULL_CONVERSION = YES;
				CLANG_WARN_OBJC_IMPLICIT_RETAIN_SELF = YES;
				CLANG_WARN_OBJC_LITERAL_CONVERSION = YES;
				CLANG_WARN_OBJC_ROOT_CLASS = YES_ERROR;
				CLANG_WARN_RANGE_LOOP_ANALYSIS = YES;
				CLANG_WARN_STRICT_PROTOTYPES = YES;
				CLANG_WARN_SUSPICIOUS_MOVE = YES;
				CLANG_WARN_UNGUARDED_AVAILABILITY = YES_AGGRESSIVE;
				CLANG_WARN_UNREACHABLE_CODE = YES;
				CLANG_WARN__DUPLICATE_METHOD_MATCH = YES;
				COPY_PHASE_STRIP = NO;
				DEBUG_INFORMATION_FORMAT = "dwarf-with-dsym";
				ENABLE_NS_ASSERTIONS = NO;
				ENABLE_STRICT_OBJC_MSGSEND = YES;
				GCC_C_LANGUAGE_STANDARD = gnu11;
				GCC_NO_COMMON_BLOCKS = YES;
				GCC_WARN_64_TO_32_BIT_CONVERSION = YES;
				GCC_WARN_ABOUT_RETURN_TYPE = YES_ERROR;
				GCC_WARN_UNDECLARED_SELECTOR = YES;
				GCC_WARN_UNINITIALIZED_AUTOS = YES_AGGRESSIVE;
				GCC_WARN_UNUSED_FUNCTION = YES;
				GCC_WARN_UNUSED_VARIABLE = YES;
				IPHONEOS_DEPLOYMENT_TARGET = 13.6;
				MTL_ENABLE_DEBUG_INFO = NO;
				MTL_FAST_MATH = YES;
				SDKROOT = iphoneos;
				SWIFT_COMPILATION_MODE = wholemodule;
				SWIFT_OPTIMIZATION_LEVEL = "-O";
				VALIDATE_PRODUCT = YES;
			};
			name = Release;
		};
		D436D06B24F8270B00C2FEF8 /* Debug */ = {
			isa = XCBuildConfiguration;
			baseConfigurationReference = FD9512B49D41C851DF2C6AAD /* Pods-flower_orders.debug.xcconfig */;
			buildSettings = {
				ASSETCATALOG_COMPILER_APPICON_NAME = AppIcon;
				CODE_SIGN_STYLE = Automatic;
				DEVELOPMENT_TEAM = 8EGFFE222W;
				INFOPLIST_FILE = flower_orders/Info.plist;
				LD_RUNPATH_SEARCH_PATHS = (
					"$(inherited)",
					"@executable_path/Frameworks",
				);
				PRODUCT_BUNDLE_IDENTIFIER = "com.calincrist.flower-orders";
				PRODUCT_NAME = "$(TARGET_NAME)";
				SWIFT_VERSION = 5.0;
				TARGETED_DEVICE_FAMILY = 1;
			};
			name = Debug;
		};
		D436D06C24F8270B00C2FEF8 /* Release */ = {
			isa = XCBuildConfiguration;
			baseConfigurationReference = 1696CD36440D8519C131C647 /* Pods-flower_orders.release.xcconfig */;
			buildSettings = {
				ASSETCATALOG_COMPILER_APPICON_NAME = AppIcon;
				CODE_SIGN_STYLE = Automatic;
				DEVELOPMENT_TEAM = 8EGFFE222W;
				INFOPLIST_FILE = flower_orders/Info.plist;
				LD_RUNPATH_SEARCH_PATHS = (
					"$(inherited)",
					"@executable_path/Frameworks",
				);
				PRODUCT_BUNDLE_IDENTIFIER = "com.calincrist.flower-orders";
				PRODUCT_NAME = "$(TARGET_NAME)";
				SWIFT_VERSION = 5.0;
				TARGETED_DEVICE_FAMILY = 1;
			};
			name = Release;
		};
/* End XCBuildConfiguration section */

/* Begin XCConfigurationList section */
		D436D04E24F8270800C2FEF8 /* Build configuration list for PBXProject "flower_orders" */ = {
			isa = XCConfigurationList;
			buildConfigurations = (
				D436D06824F8270B00C2FEF8 /* Debug */,
				D436D06924F8270B00C2FEF8 /* Release */,
			);
			defaultConfigurationIsVisible = 0;
			defaultConfigurationName = Release;
		};
		D436D06A24F8270B00C2FEF8 /* Build configuration list for PBXNativeTarget "flower_orders" */ = {
			isa = XCConfigurationList;
			buildConfigurations = (
				D436D06B24F8270B00C2FEF8 /* Debug */,
				D436D06C24F8270B00C2FEF8 /* Release */,
			);
			defaultConfigurationIsVisible = 0;
			defaultConfigurationName = Release;
		};
/* End XCConfigurationList section */

/* Begin XCVersionGroup section */
		D436D05F24F8270800C2FEF8 /* flower_orders.xcdatamodeld */ = {
			isa = XCVersionGroup;
			children = (
				D436D06024F8270800C2FEF8 /* flower_orders.xcdatamodel */,
			);
			currentVersion = D436D06024F8270800C2FEF8 /* flower_orders.xcdatamodel */;
			path = flower_orders.xcdatamodeld;
			sourceTree = "<group>";
			versionGroupType = wrapper.xcdatamodel;
		};
/* End XCVersionGroup section */
	};
	rootObject = D436D04B24F8270800C2FEF8 /* Project object */;
}
